{
  "version": 4,
  "terraform_version": "1.15.2",
  "serial": 12,
  "lineage": "81d3afd7-b6d4-d3dd-198d-702cb2f23f30",
  "outputs": {
    "db_ip": {
      "value": "192.168.150.173",
      "type": "string"
    },
    "worker_ip": {
      "value": "192.168.150.177",
      "type": "string"
    }
  },
  "resources": [
    {
      "mode": "managed",
      "type": "libvirt_cloudinit_disk",
      "name": "common_init",
      "provider": "provider[\"registry.terraform.io/dmacvicar/libvirt\"]",
      "instances": [
        {
          "schema_version": 0,
          "attributes": {
            "id": "/var/lib/libvirt/images/common_init.iso;50e32606-23c9-432a-a0d2-c084185eaab7",
            "meta_data": "",
            "name": "common_init.iso",
            "network_config": "",
            "pool": "default",
            "user_data": "#cloud-config\nusers:\n  - name: ansible\n    ssh_authorized_keys:\n      - ssh-ed25519 AAAAC3NzaC1lZDI1NTE5AAAAIDk7TD124Wo0NTiAP6NHGHbAiVgGl/WcLOutWMKHrxye ilyabukhantsov5@gmail.com\n\n    sudo: ['ALL=(ALL) NOPASSWD:ALL']\n    shell: /bin/bash\n    groups: sudo"
          },
          "sensitive_attributes": [],
          "identity_schema_version": 0,
          "private": "bnVsbA=="
        }
      ]
    },
    {
      "mode": "managed",
      "type": "libvirt_domain",
      "name": "db",
      "provider": "provider[\"registry.terraform.io/dmacvicar/libvirt\"]",
      "instances": [
        {
          "schema_version": 0,
          "attributes": {
            "arch": "x86_64",
            "autostart": false,
            "boot_device": [],
            "cloudinit": "/var/lib/libvirt/images/common_init.iso;50e32606-23c9-432a-a0d2-c084185eaab7",
            "cmdline": null,
            "console": [
              {
                "source_host": "127.0.0.1",
                "source_path": "",
                "source_service": "0",
                "target_port": "0",
                "target_type": "serial",
                "type": "pty"
              }
            ],
            "coreos_ignition": null,
            "cpu": [
              {
                "mode": "custom"
              }
            ],
            "description": "",
            "disk": [
              {
                "block_device": "",
                "file": "",
                "scsi": false,
                "url": "",
                "volume_id": "/var/lib/libvirt/images/db.qcow2",
                "wwn": ""
              }
            ],
            "emulator": "/usr/bin/qemu-system-x86_64",
            "filesystem": [],
            "firmware": null,
            "fw_cfg_name": "opt/com.coreos/config",
            "graphics": [],
            "id": "262f379a-27a0-47b9-bf46-b112a0b2c287",
            "initrd": "",
            "kernel": "",
            "machine": "pc",
            "memory": 2048,
            "metadata": null,
            "name": "kpi-db",
            "network_interface": [
              {
                "addresses": [
                  "192.168.150.173"
                ],
                "bridge": "",
                "hostname": "",
                "mac": "52:54:00:E6:CA:01",
                "macvtap": "",
                "network_id": "283f3429-a118-492a-8872-0052e2d789a7",
                "network_name": "kpi_network",
                "passthrough": "",
                "vepa": "",
                "wait_for_lease": true
              }
            ],
            "nvram": [],
            "qemu_agent": false,
            "running": true,
            "timeouts": null,
            "tpm": [],
            "type": "kvm",
            "vcpu": 2,
            "video": [],
            "xml": []
          },
          "sensitive_attributes": [],
          "identity_schema_version": 0,
          "private": "eyJlMmJmYjczMC1lY2FhLTExZTYtOGY4OC0zNDM2M2JjN2M0YzAiOnsiY3JlYXRlIjozMDAwMDAwMDAwMDB9fQ==",
          "dependencies": [
            "libvirt_cloudinit_disk.common_init",
            "libvirt_network.kpi_net",
            "libvirt_volume.base_image",
            "libvirt_volume.db_disk"
          ]
        }
      ]
    },
    {
      "mode": "managed",
      "type": "libvirt_domain",
      "name": "worker",
      "provider": "provider[\"registry.terraform.io/dmacvicar/libvirt\"]",
      "instances": [
        {
          "schema_version": 0,
          "attributes": {
            "arch": "x86_64",
            "autostart": false,
            "boot_device": [],
            "cloudinit": "/var/lib/libvirt/images/common_init.iso;50e32606-23c9-432a-a0d2-c084185eaab7",
            "cmdline": null,
            "console": [
              {
                "source_host": "127.0.0.1",
                "source_path": "",
                "source_service": "0",
                "target_port": "0",
                "target_type": "serial",
                "type": "pty"
              }
            ],
            "coreos_ignition": null,
            "cpu": [
              {
                "mode": "custom"
              }
            ],
            "description": "",
            "disk": [
              {
                "block_device": "",
                "file": "",
                "scsi": false,
                "url": "",
                "volume_id": "/var/lib/libvirt/images/worker.qcow2",
                "wwn": ""
              }
            ],
            "emulator": "/usr/bin/qemu-system-x86_64",
            "filesystem": [],
            "firmware": null,
            "fw_cfg_name": "opt/com.coreos/config",
            "graphics": [],
            "id": "29ce8211-3ca6-4900-9dfa-9844412cd8ef",
            "initrd": "",
            "kernel": "",
            "machine": "pc",
            "memory": 2048,
            "metadata": null,
            "name": "kpi-worker",
            "network_interface": [
              {
                "addresses": [
                  "192.168.150.177"
                ],
                "bridge": "",
                "hostname": "",
                "mac": "52:54:00:2E:C6:6D",
                "macvtap": "",
                "network_id": "283f3429-a118-492a-8872-0052e2d789a7",
                "network_name": "kpi_network",
                "passthrough": "",
                "vepa": "",
                "wait_for_lease": true
              }
            ],
            "nvram": [],
            "qemu_agent": false,
            "running": true,
            "timeouts": null,
            "tpm": [],
            "type": "kvm",
            "vcpu": 2,
            "video": [],
            "xml": []
          },
          "sensitive_attributes": [],
          "identity_schema_version": 0,
          "private": "eyJlMmJmYjczMC1lY2FhLTExZTYtOGY4OC0zNDM2M2JjN2M0YzAiOnsiY3JlYXRlIjozMDAwMDAwMDAwMDB9fQ==",
          "dependencies": [
            "libvirt_cloudinit_disk.common_init",
            "libvirt_network.kpi_net",
            "libvirt_volume.base_image",
            "libvirt_volume.worker_disk"
          ]
        }
      ]
    },
    {
      "mode": "managed",
      "type": "libvirt_network",
      "name": "kpi_net",
      "provider": "provider[\"registry.terraform.io/dmacvicar/libvirt\"]",
      "instances": [
        {
          "schema_version": 0,
          "attributes": {
            "addresses": [
              "192.168.150.0/24"
            ],
            "autostart": false,
            "bridge": "virbr1",
            "dhcp": [
              {
                "enabled": true
              }
            ],
            "dns": [
              {
                "enabled": false,
                "forwarders": [],
                "hosts": [],
                "local_only": false,
                "srvs": []
              }
            ],
            "dnsmasq_options": [],
            "domain": null,
            "id": "283f3429-a118-492a-8872-0052e2d789a7",
            "mode": "nat",
            "mtu": null,
            "name": "kpi_network",
            "routes": [],
            "xml": []
          },
          "sensitive_attributes": [],
          "identity_schema_version": 0,
          "private": "bnVsbA=="
        }
      ]
    },
    {
      "mode": "managed",
      "type": "libvirt_volume",
      "name": "base_image",
      "provider": "provider[\"registry.terraform.io/dmacvicar/libvirt\"]",
      "instances": [
        {
          "schema_version": 0,
          "attributes": {
            "base_volume_id": null,
            "base_volume_name": null,
            "base_volume_pool": null,
            "format": "qcow2",
            "id": "/var/lib/libvirt/images/ubuntu-base.qcow2",
            "name": "ubuntu-base.qcow2",
            "pool": "default",
            "size": 3758096384,
            "source": "https://cloud-images.ubuntu.com/noble/current/noble-server-cloudimg-amd64.img",
            "xml": []
          },
          "sensitive_attributes": [],
          "identity_schema_version": 0,
          "private": "bnVsbA=="
        }
      ]
    },
    {
      "mode": "managed",
      "type": "libvirt_volume",
      "name": "db_disk",
      "provider": "provider[\"registry.terraform.io/dmacvicar/libvirt\"]",
      "instances": [
        {
          "schema_version": 0,
          "attributes": {
            "base_volume_id": "/var/lib/libvirt/images/ubuntu-base.qcow2",
            "base_volume_name": null,
            "base_volume_pool": null,
            "format": "qcow2",
            "id": "/var/lib/libvirt/images/db.qcow2",
            "name": "db.qcow2",
            "pool": "default",
            "size": 10737418240,
            "source": null,
            "xml": []
          },
          "sensitive_attributes": [],
          "identity_schema_version": 0,
          "private": "bnVsbA==",
          "dependencies": [
            "libvirt_volume.base_image"
          ]
        }
      ]
    },
    {
      "mode": "managed",
      "type": "libvirt_volume",
      "name": "worker_disk",
      "provider": "provider[\"registry.terraform.io/dmacvicar/libvirt\"]",
      "instances": [
        {
          "schema_version": 0,
          "attributes": {
            "base_volume_id": "/var/lib/libvirt/images/ubuntu-base.qcow2",
            "base_volume_name": null,
            "base_volume_pool": null,
            "format": "qcow2",
            "id": "/var/lib/libvirt/images/worker.qcow2",
            "name": "worker.qcow2",
            "pool": "default",
            "size": 10737418240,
            "source": null,
            "xml": []
          },
          "sensitive_attributes": [],
          "identity_schema_version": 0,
          "private": "bnVsbA==",
          "dependencies": [
            "libvirt_volume.base_image"
          ]
        }
      ]
    }
  ],
  "check_results": null
}
